
Microsoft Visual Studio Solution File, Format Version 12.00
Project("{FAE04EC0-301F-11D3-BF4B-00C04F79EFBC}") = "Server", "Server\Server.csproj", "{FC551C01-C61B-450B-8FF2-639F25CE038A}"
EndProject
Project("{2150E333-8FDC-42A3-9474-1A3956D46DE8}") = "src", "src", "{4563AD1B-C204-4853-A260-35B38BBBB0F7}"
EndProject
Project("{FAE04EC0-301F-11D3-BF4B-00C04F79EFBC}") = "Sdk", "Sdk\Sdk.csproj", "{F97C9639-CDFF-4E31-9C15-7056651F05AE}"
EndProject
Project("{2150E333-8FDC-42A3-9474-1A3956D46DE8}") = "tests", "tests", "{1AD8B619-01F0-4948-9D5A-986CE5E0AFE1}"
EndProject
Project("{FAE04EC0-301F-11D3-BF4B-00C04F79EFBC}") = "Sdk.Tests", "..\tests\Sdk.Tests\Sdk.Tests.csproj", "{BAE0CADD-20FF-4865-94B0-E0B28960F1BC}"
EndProject
Project("{FAE04EC0-301F-11D3-BF4B-00C04F79EFBC}") = "Client.Blazor", "Client.Blazor\Client.Blazor.csproj", "{AD285BC2-D3E4-4770-9D24-720DB33F0635}"
EndProject
Global
	GlobalSection(SolutionConfigurationPlatforms) = preSolution
		Debug|Any CPU = Debug|Any CPU
		Release|Any CPU = Release|Any CPU
	EndGlobalSection
	GlobalSection(ProjectConfigurationPlatforms) = postSolution
		{FC551C01-C61B-450B-8FF2-639F25CE038A}.Debug|Any CPU.ActiveCfg = Debug|Any CPU
		{FC551C01-C61B-450B-8FF2-639F25CE038A}.Debug|Any CPU.Build.0 = Debug|Any CPU
		{FC551C01-C61B-450B-8FF2-639F25CE038A}.Release|Any CPU.ActiveCfg = Release|Any CPU
		{FC551C01-C61B-450B-8FF2-639F25CE038A}.Release|Any CPU.Build.0 = Release|Any CPU
		{F97C9639-CDFF-4E31-9C15-7056651F05AE}.Debug|Any CPU.ActiveCfg = Debug|Any CPU
		{F97C9639-CDFF-4E31-9C15-7056651F05AE}.Debug|Any CPU.Build.0 = Debug|Any CPU
		{F97C9639-CDFF-4E31-9C15-7056651F05AE}.Release|Any CPU.ActiveCfg = Release|Any CPU
		{F97C9639-CDFF-4E31-9C15-7056651F05AE}.Release|Any CPU.Build.0 = Release|Any CPU
		{BAE0CADD-20FF-4865-94B0-E0B28960F1BC}.Debug|Any CPU.ActiveCfg = Debug|Any CPU
		{BAE0CADD-20FF-4865-94B0-E0B28960F1BC}.Debug|Any CPU.Build.0 = Debug|Any CPU
		{BAE0CADD-20FF-4865-94B0-E0B28960F1BC}.Release|Any CPU.ActiveCfg = Release|Any CPU
		{BAE0CADD-20FF-4865-94B0-E0B28960F1BC}.Release|Any CPU.Build.0 = Release|Any CPU
		{AD285BC2-D3E4-4770-9D24-720DB33F0635}.Debug|Any CPU.ActiveCfg = Debug|Any CPU
		{AD285BC2-D3E4-4770-9D24-720DB33F0635}.Debug|Any CPU.Build.0 = Debug|Any CPU
		{AD285BC2-D3E4-4770-9D24-720DB33F0635}.Release|Any CPU.ActiveCfg = Release|Any CPU
		{AD285BC2-D3E4-4770-9D24-720DB33F0635}.Release|Any CPU.Build.0 = Release|Any CPU
	EndGlobalSection
	GlobalSection(NestedProjects) = preSolution
		{FC551C01-C61B-450B-8FF2-639F25CE038A} = {4563AD1B-C204-4853-A260-35B38BBBB0F7}
		{F97C9639-CDFF-4E31-9C15-7056651F05AE} = {4563AD1B-C204-4853-A260-35B38BBBB0F7}
		{BAE0CADD-20FF-4865-94B0-E0B28960F1BC} = {1AD8B619-01F0-4948-9D5A-986CE5E0AFE1}
		{AD285BC2-D3E4-4770-9D24-720DB33F0635} = {4563AD1B-C204-4853-A260-35B38BBBB0F7}
	EndGlobalSection
EndGlobal
